# THIS IS AN AUTOGENERATED FILE. DO NOT EDIT THIS FILE DIRECTLY.
# yarn lockfile v1


"@microsoft/recognizers-text-choice@~1.1.4":
  version "1.1.4"
  resolved "https://registry.yarnpkg.com/@microsoft/recognizers-text-choice/-/recognizers-text-choice-1.1.4.tgz#8e9ae8f804ae49bd57dd6bbf227a2ab0e14a9041"
  integrity sha512-4CddwFe4RVhZeJgW65ocBrEdeukBMghK8pgI0K0Qy2eA5ysPZQpeZ7BGSDz5QMQei5LPY+QaAQ3CHU+ORHoO7A==
  dependencies:
    "@microsoft/recognizers-text" "~1.1.4"
    grapheme-splitter "^1.0.2"

"@microsoft/recognizers-text-date-time@~1.1.4":
  version "1.1.4"
  resolved "https://registry.yarnpkg.com/@microsoft/recognizers-text-date-time/-/recognizers-text-date-time-1.1.4.tgz#d3ccddbc9b9f81bfa564df5b957dbdd740036425"
  integrity sha512-leMnjN+KYNwNvRD5T4G0ORUzkjlek/BBZDvQIjAujtyrd/pkViUnuouWIPkFT/dbSOxXML8et54CSk2KfHiWIA==
  dependencies:
    "@microsoft/recognizers-text" "~1.1.4"
    "@microsoft/recognizers-text-number" "~1.1.4"
    "@microsoft/recognizers-text-number-with-unit" "~1.1.4"
    lodash.isequal "^4.5.0"
    lodash.tonumber "^4.0.3"

"@microsoft/recognizers-text-number-with-unit@~1.1.4":
  version "1.1.4"
  resolved "https://registry.yarnpkg.com/@microsoft/recognizers-text-number-with-unit/-/recognizers-text-number-with-unit-1.1.4.tgz#a7f2614d419adb2fea99e5c324151ea455262aa8"
  integrity sha512-zl+CfmfWK0x/x+iSgaBAevKTYO0F4+z7SYHAHztaaaGuX8FERw2jmUjSgVetm5KA3EveyCx0XYGU1mRNY8p7Eg==
  dependencies:
    "@microsoft/recognizers-text" "~1.1.4"
    "@microsoft/recognizers-text-number" "~1.1.4"
    lodash.escaperegexp "^4.1.2"
    lodash.last "^3.0.0"
    lodash.max "^4.0.1"

"@microsoft/recognizers-text-number@~1.1.4":
  version "1.1.4"
  resolved "https://registry.yarnpkg.com/@microsoft/recognizers-text-number/-/recognizers-text-number-1.1.4.tgz#1fbe0473322e6292bb93f9af86c6ca5ce05212d9"
  integrity sha512-6EmlR+HR+eJBIX7sQby1vs6LJB64wxLowHaGpIU9OCXFvZ5Nb0QT8qh10rC40v3Mtrz4DpScXfSXr9tWkIO5MQ==
  dependencies:
    "@microsoft/recognizers-text" "~1.1.4"
    bignumber.js "^7.2.1"
    lodash.escaperegexp "^4.1.2"
    lodash.sortby "^4.7.0"
    lodash.trimend "^4.5.1"

"@microsoft/recognizers-text-sequence@~1.1.4":
  version "1.1.4"
  resolved "https://registry.yarnpkg.com/@microsoft/recognizers-text-sequence/-/recognizers-text-sequence-1.1.4.tgz#339f38292ba207cd78ee27defeea1ab79206fa5d"
  integrity sha512-rb5j8/aE7HSOdIxaVfCGFrj0wWPpSq0CuykFg/A/iJNPP+FnAU71bgP5HexrwQcpCsDinauisX7u0DKIChrHRA==
  dependencies:
    "@microsoft/recognizers-text" "~1.1.4"
    grapheme-splitter "^1.0.2"

"@microsoft/recognizers-text-suite@1.1.4":
  version "1.1.4"
  resolved "https://registry.yarnpkg.com/@microsoft/recognizers-text-suite/-/recognizers-text-suite-1.1.4.tgz#8adb2128ed3aa60a042be008d4e3449d7128f1df"
  integrity sha512-hNIaR4M2G0nNeI9WZxt9C0KYh/1vhjeKzX5Ds8XDdT0pxF7zwCSo19WNcPjrVK6aCOeZTw/ULofsAjdu9gSkcA==
  dependencies:
    "@microsoft/recognizers-text" "~1.1.4"
    "@microsoft/recognizers-text-choice" "~1.1.4"
    "@microsoft/recognizers-text-date-time" "~1.1.4"
    "@microsoft/recognizers-text-number" "~1.1.4"
    "@microsoft/recognizers-text-number-with-unit" "~1.1.4"
    "@microsoft/recognizers-text-sequence" "~1.1.4"

"@microsoft/recognizers-text@~1.1.4":
  version "1.1.4"
  resolved "https://registry.yarnpkg.com/@microsoft/recognizers-text/-/recognizers-text-1.1.4.tgz#264530f748b2cad3fac54d53538f88ad2bf99b7e"
  integrity sha512-hlSVXcaX5i8JcjuUJpVxmy2Z/GxvFXarF0KVySCFop57wNEnrLWMHe4I4DjP866G19VyIKRw+vPA32pkGhZgTg==

"@nlpjs/builtin-duckling@^4.6.0":
  version "4.6.0"
  resolved "https://registry.yarnpkg.com/@nlpjs/builtin-duckling/-/builtin-duckling-4.6.0.tgz#52c749b1466290ee9f37606668bfcec7a5aef7b8"
  integrity sha512-7KlEBLR68OKMiPE+UumEj+1G1sCL/n2q4p2CcmOVZ5ditnBTTbTRCAIRG7OrR+JjdZ0bE4jtd6icqs8/tSfCEQ==
  dependencies:
    "@nlpjs/core" "^4.6.0"

"@nlpjs/builtin-microsoft@^4.6.0":
  version "4.6.0"
  resolved "https://registry.yarnpkg.com/@nlpjs/builtin-microsoft/-/builtin-microsoft-4.6.0.tgz#b058df1a303307ffc022180e14497c28eef61870"
  integrity sha512-pKgjLHgkPuNg60A4zwXS8uN5MTLP19VLdV4gx3Npgtm1PMTgktVmCKuCB3GhrplgmCuMXAduR/LJ5cSAkQicMw==
  dependencies:
    "@microsoft/recognizers-text-suite" "1.1.4"
    "@nlpjs/core" "^4.6.0"

"@nlpjs/core-loader@^4.6.0":
  version "4.6.0"
  resolved "https://registry.yarnpkg.com/@nlpjs/core-loader/-/core-loader-4.6.0.tgz#ba685377141242dfc749118d3bc839574b519106"
  integrity sha512-4wUdwEpbrUlBpzgDSTuc6B6izRbMOi9cKvyEv6Gymq1xTntE4RQppvaAkHrFGBvm1qWfxlZ1xzFexmRbs7dLsg==
  dependencies:
    "@nlpjs/core" "^4.6.0"
    "@nlpjs/request" "^4.6.0"

"@nlpjs/core@^4.6.0":
  version "4.6.0"
  resolved "https://registry.yarnpkg.com/@nlpjs/core/-/core-4.6.0.tgz#d1cf6148665d5e78b05c17f6c277283cdbf7ea3e"
  integrity sha512-fz3YwFWbXVLUwat7bwwF1z76vxMFHLJ13BGPytkHN198cmD/N+AJ8RLnhjduAShv4ai9LH5xXK0cJS1HdHJFQg==

"@nlpjs/emoji@^4.6.0":
  version "4.6.0"
  resolved "https://registry.yarnpkg.com/@nlpjs/emoji/-/emoji-4.6.0.tgz#2c87fb607a4ef7943a81c221f8a2df2bd66c02ba"
  integrity sha512-+jC5oaWExflXIN8a2iWV+6YHf7Uddh+ROjPGp6H8U27F10SkZB5WjOzMdiObpqKdHSl1WZCnOD7BfGNG5Ftz4g==
  dependencies:
    "@nlpjs/core" "^4.6.0"

"@nlpjs/evaluator@^4.4.0":
  version "4.4.0"
  resolved "https://registry.yarnpkg.com/@nlpjs/evaluator/-/evaluator-4.4.0.tgz#d8bd9ebca27e6ee9b4858d57e9babde166f026a3"
  integrity sha512-U+NSS9kKd3M01xI/A+jQf5u0j0+sxd6QzPe6j0Q1iLhOxiF9YPptY1J7R4RZPnEpAX8K4588Scm4Qgs8Iy7+0Q==
  dependencies:
    escodegen "^1.12.0"
    esprima "^4.0.1"

"@nlpjs/lang-all@^4.6.0":
  version "4.6.0"
  resolved "https://registry.yarnpkg.com/@nlpjs/lang-all/-/lang-all-4.6.0.tgz#6d4dccbf09d7c09b08fdf91ff5882136ea41bd69"
  integrity sha512-lt6kptqbdMiajYYmRd4SYaFIm9lrw0GwnvsPP+C7/pMfUN9ekaFCUWFhr4jgPabBtLi5lTdpFaT6NATjY6KoeA==
  dependencies:
    "@nlpjs/core" "^4.6.0"
    "@nlpjs/lang-ar" "^4.6.0"
    "@nlpjs/lang-bn" "^4.6.0"
    "@nlpjs/lang-ca" "^4.6.0"
    "@nlpjs/lang-cs" "^4.6.0"
    "@nlpjs/lang-da" "^4.6.0"
    "@nlpjs/lang-de" "^4.6.0"
    "@nlpjs/lang-el" "^4.6.0"
    "@nlpjs/lang-en" "^4.6.0"
    "@nlpjs/lang-es" "^4.6.0"
    "@nlpjs/lang-eu" "^4.6.0"
    "@nlpjs/lang-fa" "^4.6.0"
    "@nlpjs/lang-fi" "^4.6.0"
    "@nlpjs/lang-fr" "^4.6.0"
    "@nlpjs/lang-ga" "^4.6.0"
    "@nlpjs/lang-gl" "^4.6.0"
    "@nlpjs/lang-hi" "^4.6.0"
    "@nlpjs/lang-hu" "^4.6.0"
    "@nlpjs/lang-hy" "^4.6.0"
    "@nlpjs/lang-id" "^4.6.0"
    "@nlpjs/lang-it" "^4.6.0"
    "@nlpjs/lang-ja" "^4.6.0"
    "@nlpjs/lang-ko" "^4.6.0"
    "@nlpjs/lang-lt" "^4.6.0"
    "@nlpjs/lang-ms" "^4.6.0"
    "@nlpjs/lang-ne" "^4.6.0"
    "@nlpjs/lang-nl" "^4.6.0"
    "@nlpjs/lang-no" "^4.6.0"
    "@nlpjs/lang-pl" "^4.6.0"
    "@nlpjs/lang-pt" "^4.6.0"
    "@nlpjs/lang-ro" "^4.6.0"
    "@nlpjs/lang-ru" "^4.6.0"
    "@nlpjs/lang-sl" "^4.6.0"
    "@nlpjs/lang-sr" "^4.6.0"
    "@nlpjs/lang-sv" "^4.6.0"
    "@nlpjs/lang-ta" "^4.6.0"
    "@nlpjs/lang-th" "^4.6.0"
    "@nlpjs/lang-tl" "^4.6.0"
    "@nlpjs/lang-tr" "^4.6.0"
    "@nlpjs/lang-uk" "^4.6.0"
    "@nlpjs/lang-zh" "^4.6.0"

"@nlpjs/lang-ar@^4.6.0":
  version "4.6.0"
  resolved "https://registry.yarnpkg.com/@nlpjs/lang-ar/-/lang-ar-4.6.0.tgz#b2b56a0d83d18ec783c651303562d75d970926d8"
  integrity sha512-3ZERnKH+/8LAjfa4IdfOgmypTyb+rJ94PNEAR4KPk6+Fz9T69m3YuipJ9MvdiFqenVdiJdHtPH70PWfWXzjh1Q==
  dependencies:
    "@nlpjs/core" "^4.6.0"

"@nlpjs/lang-bn@^4.6.0":
  version "4.6.0"
  resolved "https://registry.yarnpkg.com/@nlpjs/lang-bn/-/lang-bn-4.6.0.tgz#644c5df1e43e00fc371d95fd676296332153649b"
  integrity sha512-+3ftzzYDKvxMtndzZxhfawzFBxzh88XonZnqCRmkYvt5TakN6cvqGlfVRn4a2eANyJC5Lwz2UCQFcO2YiQeQjw==
  dependencies:
    "@nlpjs/core" "^4.6.0"

"@nlpjs/lang-ca@^4.6.0":
  version "4.6.0"
  resolved "https://registry.yarnpkg.com/@nlpjs/lang-ca/-/lang-ca-4.6.0.tgz#f93e62103cf9a838259a48c4c2ce18e12cb5afc0"
  integrity sha512-Wa1zvxePyPpuRMR92+AQnJp5DEkQEYJboyKbYJ45TiWxniAlxW27MX/sF8fWWrYcqrlon/vKYeoEQQxt/Hu79Q==
  dependencies:
    "@nlpjs/core" "^4.6.0"

"@nlpjs/lang-cs@^4.6.0":
  version "4.6.0"
  resolved "https://registry.yarnpkg.com/@nlpjs/lang-cs/-/lang-cs-4.6.0.tgz#bbe9d8e5c502815b8277017def07cee7d3f57661"
  integrity sha512-poJnCHhvmQKoKlVwkIVZwx6gYtiA0w0iKxtmPyXtG1j/DxhWrvdVqKSzPaajSHjOy38xXP2EgpOI6tgWuSogfA==
  dependencies:
    "@nlpjs/core" "^4.6.0"

"@nlpjs/lang-da@^4.6.0":
  version "4.6.0"
  resolved "https://registry.yarnpkg.com/@nlpjs/lang-da/-/lang-da-4.6.0.tgz#f1c03f18b8dba5ab76cbd3a3c0a25945360d658b"
  integrity sha512-cY6kj2JAQRFsCXwxkIrcU3Tz/YxhzZ+eywUaL9g65Rdgnou7ao5KEQE7FeWv1wn4YviIGRh38pahKYO1dNd/8A==
  dependencies:
    "@nlpjs/core" "^4.6.0"

"@nlpjs/lang-de@^4.6.0":
  version "4.6.0"
  resolved "https://registry.yarnpkg.com/@nlpjs/lang-de/-/lang-de-4.6.0.tgz#690ad02cf7036528a61ba740d78ac7f91afa1bba"
  integrity sha512-SCXhKCADvu2/hrUdeD3lJ0Q3d0cYBueXdEC9pn9xgNOkZIO2+/d6UGhflZ042bJ19t2IMcRg1oLl5Nnobmw6rQ==
  dependencies:
    "@nlpjs/core" "^4.6.0"

"@nlpjs/lang-el@^4.6.0":
  version "4.6.0"
  resolved "https://registry.yarnpkg.com/@nlpjs/lang-el/-/lang-el-4.6.0.tgz#df83ec71430285d7ba76df7bb2556cedca205956"
  integrity sha512-zYd0mJEpCSJ3xqw+8fGvUxJc88zkGYzsKq4ooo+KGu/k3M/fkaU4+S7KmLEefz9US2o9BudbsZ+hWZ0I3d33iA==
  dependencies:
    "@nlpjs/core" "^4.6.0"

"@nlpjs/lang-en-min@^4.6.0":
  version "4.6.0"
  resolved "https://registry.yarnpkg.com/@nlpjs/lang-en-min/-/lang-en-min-4.6.0.tgz#205b66f0efde7121e01a3211a8588fead700c7b2"
  integrity sha512-FBiLKrDg1A7YZrElJFLjqCI8l9T+bPS+kswAA6orRWggYwApRRK8n7dHbt6xpbv5y9WqAlWQptV+nGao/jhRug==
  dependencies:
    "@nlpjs/core" "^4.6.0"

"@nlpjs/lang-en@^4.6.0":
  version "4.6.0"
  resolved "https://registry.yarnpkg.com/@nlpjs/lang-en/-/lang-en-4.6.0.tgz#3c770220764b90b62c24b2662268d95edc242351"
  integrity sha512-hJRe3mnhYNR1rPXNggolhn4T+40wa306ITnonnUgaKNaZF2iEjMnI3+Um3HcA6hyge9VtIiyv1q49nlwACkq2g==
  dependencies:
    "@nlpjs/core" "^4.6.0"
    "@nlpjs/lang-en-min" "^4.6.0"

"@nlpjs/lang-es@^4.6.0":
  version "4.6.0"
  resolved "https://registry.yarnpkg.com/@nlpjs/lang-es/-/lang-es-4.6.0.tgz#c36ca3357d1de5a9acb9233b485086902b783fb1"
  integrity sha512-HR5EQ0Q73dlPHYqhBB0oveq/XiD6bxvC1WmDPVzErIhlIU2eth0fmtrVph/4buKwyz1elnD/BsD7OuABphXKTw==
  dependencies:
    "@nlpjs/core" "^4.6.0"

"@nlpjs/lang-eu@^4.6.0":
  version "4.6.0"
  resolved "https://registry.yarnpkg.com/@nlpjs/lang-eu/-/lang-eu-4.6.0.tgz#b7569814cc7c790c666ed1b5fa45469151b24661"
  integrity sha512-/6zJIS1RePUmDR5xmGN6rSFJpHEyA17OUII88V0152SkKztHAO1iocd7UwnkMTn+8ORaxOiUKstVEJYiWJ/T+A==
  dependencies:
    "@nlpjs/core" "^4.6.0"

"@nlpjs/lang-fa@^4.6.0":
  version "4.6.0"
  resolved "https://registry.yarnpkg.com/@nlpjs/lang-fa/-/lang-fa-4.6.0.tgz#0b570aba111e18f00c8881c7f49eb20364001d4b"
  integrity sha512-B9d5UMYacBgsfu5mE3hYxNF+BL1aruRHAK85390zL30t8lZI9EPVrudv71fm6f4JUtBGtoRO70EOLqFuADlFaQ==
  dependencies:
    "@nlpjs/core" "^4.6.0"

"@nlpjs/lang-fi@^4.6.0":
  version "4.6.0"
  resolved "https://registry.yarnpkg.com/@nlpjs/lang-fi/-/lang-fi-4.6.0.tgz#48515db5a60469e1bbcf13943f10e5cc34e6da25"
  integrity sha512-JYJ//0agEqQ9qvDupa0lrn6QvPHJ/FXAttqpOiXNhj8HUnCBZlPiLzdSdj2CLmd8cwgaVaDg6W3X3BWOxDmh8A==
  dependencies:
    "@nlpjs/core" "^4.6.0"

"@nlpjs/lang-fr@^4.6.0":
  version "4.6.0"
  resolved "https://registry.yarnpkg.com/@nlpjs/lang-fr/-/lang-fr-4.6.0.tgz#01a8862ef8dbc92138fe6eef76d72a63587d9979"
  integrity sha512-AJSDUu8CxVXSbRQBWSqaEjGE9P9yHGrg30bfxpyNCEYQ70njxZpJyA5M3MdK5M0J0dzJdUJANCpE7JRe8HZx7w==
  dependencies:
    "@nlpjs/core" "^4.6.0"

"@nlpjs/lang-ga@^4.6.0":
  version "4.6.0"
  resolved "https://registry.yarnpkg.com/@nlpjs/lang-ga/-/lang-ga-4.6.0.tgz#0e63838f99dd69fd08137eaadef34c796c8ffcad"
  integrity sha512-8ssPX0ZlLGsMsROmfvXVhVZT6NBZbbG+zXwdoWjEipk5oozpkC3AvfOC9vexpmSZOgiE3o2jLxhZnMk3Xu1YBg==
  dependencies:
    "@nlpjs/core" "^4.6.0"

"@nlpjs/lang-gl@^4.6.0":
  version "4.6.0"
  resolved "https://registry.yarnpkg.com/@nlpjs/lang-gl/-/lang-gl-4.6.0.tgz#bb37fb9f3da1ab2f2246683424ef749a00f30f67"
  integrity sha512-HMsSCXGNPPZyIsxI6tOS4HlAAsWbdtviKaeEiwSb1k4r91buzvQ6/8NAYyQNBiQkzBzIWcUjCtbqyPM0hJTBsw==
  dependencies:
    "@nlpjs/core" "^4.6.0"

"@nlpjs/lang-hi@^4.6.0":
  version "4.6.0"
  resolved "https://registry.yarnpkg.com/@nlpjs/lang-hi/-/lang-hi-4.6.0.tgz#c95449671e27a59882c66a83b805ee2cefa328b9"
  integrity sha512-WNjehbax24rsRPDCl/WSItqqrOqEHDtO+lsyUS3NXBGocM+c+WyvXGnLamkhyJUACKYX2EximRQ+P9L0aelboQ==
  dependencies:
    "@nlpjs/core" "^4.6.0"

"@nlpjs/lang-hu@^4.6.0":
  version "4.6.0"
  resolved "https://registry.yarnpkg.com/@nlpjs/lang-hu/-/lang-hu-4.6.0.tgz#e8848d4adb1d8264f4aa417ab0f05fd5e29d1325"
  integrity sha512-cHzPC1QAvmefqjVU56WseSi2rE/ACYVXhcIUa4QL/MGpPUyXcjWIP4hegQbYpvLeITeKBjmO4eZy+9hiSRF+EQ==
  dependencies:
    "@nlpjs/core" "^4.6.0"

"@nlpjs/lang-hy@^4.6.0":
  version "4.6.0"
  resolved "https://registry.yarnpkg.com/@nlpjs/lang-hy/-/lang-hy-4.6.0.tgz#eeebb0696f4ed710eb4a5a014511b6024f246cdd"
  integrity sha512-b+ZRS9Q1J+4lrW57243moGPEXvM3EuBn6/1mpfJdcNTrZOlbutahR1p2hI7tcLyvJPqXAftu5BzjaT9qbMpqig==
  dependencies:
    "@nlpjs/core" "^4.6.0"

"@nlpjs/lang-id@^4.6.0":
  version "4.6.0"
  resolved "https://registry.yarnpkg.com/@nlpjs/lang-id/-/lang-id-4.6.0.tgz#8e06f007d21b0dab4ead3decb1f9b7b1e16c27b6"
  integrity sha512-UBEFTLiVJztUMNZm7eqsdJSD+ABwx4/kMm1Xi1vel7KT1aVgu2k1nxgQCLKttXXc2tqpvSZJaqDFexGuCvGRMA==
  dependencies:
    "@nlpjs/core" "^4.6.0"

"@nlpjs/lang-it@^4.6.0":
  version "4.6.0"
  resolved "https://registry.yarnpkg.com/@nlpjs/lang-it/-/lang-it-4.6.0.tgz#b60f7c67ed96d0370813956acb02d1530caa63f3"
  integrity sha512-+77xUfrt9GSUbYXKm0HEwhhavPmJ7oMCsEeK9GlGGvheuY+DOp146577BnDA+6bc9P4KMq5rm0ta1BXJfpNReg==
  dependencies:
    "@nlpjs/core" "^4.6.0"

"@nlpjs/lang-ja@^4.6.0":
  version "4.6.0"
  resolved "https://registry.yarnpkg.com/@nlpjs/lang-ja/-/lang-ja-4.6.0.tgz#408d4db23626c4c47f3375eeae925e648eeef6fb"
  integrity sha512-R/vKn40y7883tSCRoIcxefv0548kVQSSlQP55wHNcaT5Gh015TCaUynyxxi+/eXvbn88IiYwJQ2RhQUDUpeHEA==
  dependencies:
    "@nlpjs/core" "^4.6.0"
    kuromoji "^0.1.2"

"@nlpjs/lang-ko@^4.6.0":
  version "4.6.0"
  resolved "https://registry.yarnpkg.com/@nlpjs/lang-ko/-/lang-ko-4.6.0.tgz#e7756016eeea056e7a925e486c149da5d72bfa1c"
  integrity sha512-EG9+hOTdedxX4zfAi6S0IqkdxsCVq7uAh5ap+ct52O5ewaeytD//f/i+wT+WAAUVpeKMHs2kQFOtoz0xyVt5Tw==
  dependencies:
    "@nlpjs/core" "^4.6.0"

"@nlpjs/lang-lt@^4.6.0":
  version "4.6.0"
  resolved "https://registry.yarnpkg.com/@nlpjs/lang-lt/-/lang-lt-4.6.0.tgz#c998f6d2bcb211f420e7213127e878719655331d"
  integrity sha512-Bckzvp4AtTvzLnXxT8zaWTBAOVJlA8xmZ9rTFObE1sC/Orq31/4fAcBSdrKuF+1xELKu7+W5DHbNmtagh+AJsg==
  dependencies:
    "@nlpjs/core" "^4.6.0"

"@nlpjs/lang-ms@^4.6.0":
  version "4.6.0"
  resolved "https://registry.yarnpkg.com/@nlpjs/lang-ms/-/lang-ms-4.6.0.tgz#c086e804ba9644ed9fc3ec30ab227da939321212"
  integrity sha512-AgoO7V4Ev0AmupMa5ivUGt672bVA5mt/djKmmEAOSb1rdCnM4P88/TABMMDx0Qqj8UVcypF3DrQvL5HETD54QQ==
  dependencies:
    "@nlpjs/core" "^4.6.0"
    "@nlpjs/lang-id" "^4.6.0"

"@nlpjs/lang-ne@^4.6.0":
  version "4.6.0"
  resolved "https://registry.yarnpkg.com/@nlpjs/lang-ne/-/lang-ne-4.6.0.tgz#06117f3a699521354651eb1dcde54e50f8ea3d65"
  integrity sha512-fKg63I1x5ZJJ5drGTtmirVHDFO0uVSXoNiO666gV0QlhjfOeLx8IK6Fnms/4bRWzQegInR/obugmSgHHWNVKTA==
  dependencies:
    "@nlpjs/core" "^4.6.0"

"@nlpjs/lang-nl@^4.6.0":
  version "4.6.0"
  resolved "https://registry.yarnpkg.com/@nlpjs/lang-nl/-/lang-nl-4.6.0.tgz#b5426babf4dd583a3077d41b671e113784aaee76"
  integrity sha512-+qHL2+XF4TQFJmQa8suxrHYJAxSnOkXUrX5bt2rX+jLsCv2tg8ZheEwqVQr0fCQI8zqHtAj+TGB4XVdUMk7p0w==
  dependencies:
    "@nlpjs/core" "^4.6.0"

"@nlpjs/lang-no@^4.6.0":
  version "4.6.0"
  resolved "https://registry.yarnpkg.com/@nlpjs/lang-no/-/lang-no-4.6.0.tgz#bcbf35c935529ae719fb2235aa95878b6fbf985d"
  integrity sha512-WKlYv9ActFjZOsJ1kOwsMRJDpshl9rCavuJ31zebSO2GgoJ3qS4hgAWZDRu0Ka/IxSqswY3mxD+p87xk7ljjLQ==
  dependencies:
    "@nlpjs/core" "^4.6.0"

"@nlpjs/lang-pl@^4.6.0":
  version "4.6.0"
  resolved "https://registry.yarnpkg.com/@nlpjs/lang-pl/-/lang-pl-4.6.0.tgz#74e1df6e3aa039024acbf619bb98bd8ca79ff184"
  integrity sha512-m1HtniMkSRiykgdhr96OohgiY0cs1fFDoLIwLsNCYfK39t79r/cp6LcvmxpiO5aC4f0BiJe0ByZnU0fSjtgBpg==
  dependencies:
    "@nlpjs/core" "^4.6.0"

"@nlpjs/lang-pt@^4.6.0":
  version "4.6.0"
  resolved "https://registry.yarnpkg.com/@nlpjs/lang-pt/-/lang-pt-4.6.0.tgz#52bd9395e36ec5acd51d4bc52a88981c9cd15f17"
  integrity sha512-Bmh8peb6qZmAuYegs6s01z5HQ4v9YpB/u4Y0FP3CmuJHyRdWALnEHRnBomxx4mHz7kR/FVJqiF2uj5OcuZaJGQ==
  dependencies:
    "@nlpjs/core" "^4.6.0"

"@nlpjs/lang-ro@^4.6.0":
  version "4.6.0"
  resolved "https://registry.yarnpkg.com/@nlpjs/lang-ro/-/lang-ro-4.6.0.tgz#dd1ffa0c7c32ee24223b2091ae7b3bd95b0c8a90"
  integrity sha512-Gl3LRJd0SUKk+3d6FRjnIf8ozz0vg+GBts+cz3jc99nSkzHOnBgs7CYy5Ic+7GEkC/CBE4qpnDPdbRsgeE53Cw==
  dependencies:
    "@nlpjs/core" "^4.6.0"

"@nlpjs/lang-ru@^4.6.0":
  version "4.6.0"
  resolved "https://registry.yarnpkg.com/@nlpjs/lang-ru/-/lang-ru-4.6.0.tgz#4e2c4afe663c5ccb28c7d0443a8bc51563abe039"
  integrity sha512-YOLlnpRjpTvamwJunFz/6KipSMvn9UsSmPsATzE1mXMsqdJDAJwwFD9Ivu67aijGYDQiJsnbrz+3sgssXpg2pw==
  dependencies:
    "@nlpjs/core" "^4.6.0"

"@nlpjs/lang-sl@^4.6.0":
  version "4.6.0"
  resolved "https://registry.yarnpkg.com/@nlpjs/lang-sl/-/lang-sl-4.6.0.tgz#5f6cb7279ed1cb84a6fb1995f1536b5fb966dc28"
  integrity sha512-0rA2GBp6Srb4jNO6BOyaNStyK4Z5/F5A0QM4wLrzNZkLG+xHwIpGbJPcK0Mdq+Hpwl2KqY6+sbogrqw04CgtEA==
  dependencies:
    "@nlpjs/core" "^4.6.0"

"@nlpjs/lang-sr@^4.6.0":
  version "4.6.0"
  resolved "https://registry.yarnpkg.com/@nlpjs/lang-sr/-/lang-sr-4.6.0.tgz#852f642fbb6efa23c61c197089b789ee538e78da"
  integrity sha512-02goq2f7gfKnLpf547CO/y1kQKgMO9PyHg7zhsj96CrHaZQo1N2/LJa4Hne0WRHKF/diDk6PomyBBgc1Yl43/w==
  dependencies:
    "@nlpjs/core" "^4.6.0"

"@nlpjs/lang-sv@^4.6.0":
  version "4.6.0"
  resolved "https://registry.yarnpkg.com/@nlpjs/lang-sv/-/lang-sv-4.6.0.tgz#ec94a0ea29ddbc81a2034c23c0ec422082cb474d"
  integrity sha512-ZVmyuKNEVZm8xiualQNd1wN/1UDhTKMij0Olf2ty3m2yjxXEMlZ5UVChCUE0SQ3zDt9QqdWqejtE6cUjLo2KHg==
  dependencies:
    "@nlpjs/core" "^4.6.0"

"@nlpjs/lang-ta@^4.6.0":
  version "4.6.0"
  resolved "https://registry.yarnpkg.com/@nlpjs/lang-ta/-/lang-ta-4.6.0.tgz#1529f46fd022f8b0607c347bad5b9e43e13181a9"
  integrity sha512-RUNXL921O3HhF+giTZ6k66QtiqdloMh6kVpTDyr5qaHv3hTKnjfUY4Q31N71KAGrInIDUS+q+Z89ZsK/HryYBg==
  dependencies:
    "@nlpjs/core" "^4.6.0"

"@nlpjs/lang-th@^4.6.0":
  version "4.6.0"
  resolved "https://registry.yarnpkg.com/@nlpjs/lang-th/-/lang-th-4.6.0.tgz#1b5cd6cfe54c2080c309415b2e694e084c93397f"
  integrity sha512-QBuT0weBJRf3j0XmU9g6bR1FLWk3n2myD1s9jrf25eUFXiSDZsdi28RQcEQpGD/9kknQ5YiX5Qpcs4En+DzqzQ==
  dependencies:
    "@nlpjs/core" "^4.6.0"

"@nlpjs/lang-tl@^4.6.0":
  version "4.6.0"
  resolved "https://registry.yarnpkg.com/@nlpjs/lang-tl/-/lang-tl-4.6.0.tgz#4c29ac66269cc008563eecdd1e275db57850c296"
  integrity sha512-2lFCO0RLf0Cg5EqqSUcesfpkWd0Q4Osw8UNB9t+V4m6JhggIEbA+pRT9/FLnWOBS7qC+m/B8nzndy5bGNjYv8Q==
  dependencies:
    "@nlpjs/core" "^4.6.0"

"@nlpjs/lang-tr@^4.6.0":
  version "4.6.0"
  resolved "https://registry.yarnpkg.com/@nlpjs/lang-tr/-/lang-tr-4.6.0.tgz#28edc9e246f8c1ca81147458de1e8ea32bee5078"
  integrity sha512-Dq3XvqwhpKpfqguqZPfpxMa+73qoHz/87HcohsbCpNSDLy9sGTpCLbT7RE3sMnPs+a8BM1Bg5bSdfexySxLdyQ==
  dependencies:
    "@nlpjs/core" "^4.6.0"

"@nlpjs/lang-uk@^4.6.0":
  version "4.6.0"
  resolved "https://registry.yarnpkg.com/@nlpjs/lang-uk/-/lang-uk-4.6.0.tgz#7f95259559cc8a11bb7c071a9eb99624b0b80c78"
  integrity sha512-rcNF5yvoGs62cgJMUya/N1MWBCoecmvFPdyROv0PKJIHn+Yav3I2KgGIXZ/ZFY/7gUwKjd3M4pF1GGLQvjM4Yw==
  dependencies:
    "@nlpjs/core" "^4.6.0"

"@nlpjs/lang-zh@^4.6.0":
  version "4.6.0"
  resolved "https://registry.yarnpkg.com/@nlpjs/lang-zh/-/lang-zh-4.6.0.tgz#05782d821bde38edd864dbbd9e5c62a7ee33c2f7"
  integrity sha512-dbYJz0KYrxYKuA/GWNO6wKQwrh+WzZhVurl6+7F4z/l2BSyAsQbHAXVfJc5/u9KIxrSBmB40NGg1Au5+Z0L4Hw==
  dependencies:
    "@nlpjs/core" "^4.6.0"

"@nlpjs/language-min@^4.6.0":
  version "4.6.0"
  resolved "https://registry.yarnpkg.com/@nlpjs/language-min/-/language-min-4.6.0.tgz#6ad4a72cb99ac4674fa9a7c120ed7037b7c5eecf"
  integrity sha512-WuWv7oCih/Eajj//A7kCn6Q6AelQEvwY7clF2M9bolXujLjh/J0GLE7sGnau8gmV5LdN4ZVbiNUpqdaz1F63ow==

"@nlpjs/language@^4.6.0":
  version "4.6.0"
  resolved "https://registry.yarnpkg.com/@nlpjs/language/-/language-4.6.0.tgz#f89a86a8bbfa39fca987566d44130655b0b7241d"
  integrity sha512-+InhOhKvQf0nNcYIURSs2cwY9GFUoAjpQnXzQuzDH27oID1qxKfLAqEZ8ep/oeA569RK7Uh0UaSf4cRAGv1NaQ==

"@nlpjs/ner@^4.6.0":
  version "4.6.0"
  resolved "https://registry.yarnpkg.com/@nlpjs/ner/-/ner-4.6.0.tgz#c43dcb2c5c8ac2772162fddc7c860cee2de7bad9"
  integrity sha512-eeDDUBWdj7EALVuABF0rnnRro0vOQE5enhKO5JffyaBa5/0u45GaIbdRXo97RUM6pjxCp69AVuv8wgyoGMkfzw==
  dependencies:
    "@nlpjs/core" "^4.6.0"
    "@nlpjs/language-min" "^4.6.0"
    "@nlpjs/similarity" "^4.0.0-rc.4"

"@nlpjs/neural@^4.6.0":
  version "4.6.0"
  resolved "https://registry.yarnpkg.com/@nlpjs/neural/-/neural-4.6.0.tgz#d5d44ae1bba8ecc78c58983bb9e7b88cc7d4f123"
  integrity sha512-khusY/aWS46SxW9NyutNLsRxcYBC01Qjs2O/0MM0WxuWMU579nKGs2aqRhkCBrElIT8+QLdvx6zaovT9EHoWGA==
  dependencies:
    "@nlpjs/core" "^4.6.0"

"@nlpjs/nlg@^4.6.0":
  version "4.6.0"
  resolved "https://registry.yarnpkg.com/@nlpjs/nlg/-/nlg-4.6.0.tgz#ca0f8395e6e3a3b6ef002ee838ab29376a25c006"
  integrity sha512-SSLOOPXlGiduZ8Y8erP2ruXL+WU5J0N9+yp4NlXfLytTfKNje+T3pCAIYMn1BRn8O6yufSGIVwx+HSNUWQdQEA==
  dependencies:
    "@nlpjs/core" "^4.6.0"

"@nlpjs/nlp@^4.6.0":
  version "4.6.0"
  resolved "https://registry.yarnpkg.com/@nlpjs/nlp/-/nlp-4.6.0.tgz#fc2a1f4a878008e026833b6b2de1d8c995679822"
  integrity sha512-i1d23p6+WGrmaPlrgrG45clncy4DUy0kwIAFYrrS5C9kLipm2xpTpraepEnM37fjjU9aLgyynCj5qIqpCHR3Hg==
  dependencies:
    "@nlpjs/core" "^4.6.0"
    "@nlpjs/ner" "^4.6.0"
    "@nlpjs/nlg" "^4.6.0"
    "@nlpjs/nlu" "^4.6.0"
    "@nlpjs/sentiment" "^4.6.0"
    "@nlpjs/slot" "^4.3.0"

"@nlpjs/nlu@^4.6.0":
  version "4.6.0"
  resolved "https://registry.yarnpkg.com/@nlpjs/nlu/-/nlu-4.6.0.tgz#d7aa1aa55cb36b97b89d0078b2b740047f3f9a93"
  integrity sha512-bDp1MiYwq2uGWLzh3ZzzRJBt3Ha1S2QPbJYBLSbX32vLPVqaqDuc75+W9NoaTohXoTOe9ke8NfIKpsKgsAYR2w==
  dependencies:
    "@nlpjs/core" "^4.6.0"
    "@nlpjs/language-min" "^4.6.0"
    "@nlpjs/neural" "^4.6.0"
    "@nlpjs/similarity" "^4.0.0-rc.4"

"@nlpjs/request@^4.6.0":
  version "4.6.0"
  resolved "https://registry.yarnpkg.com/@nlpjs/request/-/request-4.6.0.tgz#0ec0a283ebef22ad3463e93ce0e210b76802906f"
  integrity sha512-ZG5a1B5s9luAB9UB9h8gQc0xaeUii9sf3MjRhPi+6HHumUMi9i0dRxKIGJvRPEwyGr7ECN9/SdVQFtvdIZS15g==
  dependencies:
    https-proxy-agent "^5.0.0"

"@nlpjs/sentiment@^4.6.0":
  version "4.6.0"
  resolved "https://registry.yarnpkg.com/@nlpjs/sentiment/-/sentiment-4.6.0.tgz#3117e9c8313288dac08fd5c27dc2878388d7ac4d"
  integrity sha512-nnNXYbyFjdm6gk2gUng8lQUQscEl2FY4M8hSevptaHx8+gaBksH7SaGX4HDPTy6vv0+JVydyQkQSZ5kvMgRhxw==
  dependencies:
    "@nlpjs/core" "^4.6.0"
    "@nlpjs/language-min" "^4.6.0"
    "@nlpjs/neural" "^4.6.0"

"@nlpjs/similarity@^4.0.0-rc.4":
  version "4.0.0-rc.4"
  resolved "https://registry.yarnpkg.com/@nlpjs/similarity/-/similarity-4.0.0-rc.4.tgz#12dee97b293a21664e506564cd2112b10c5874f9"
  integrity sha512-S5zC6JbISyLtZkLF86qU5T4X5kolibvmY7DCHQICsWsu/P7xDQEQ9whRCM4NO3bypnvQefRsljsAGCCC462eWw==

"@nlpjs/slot@^4.3.0":
  version "4.3.0"
  resolved "https://registry.yarnpkg.com/@nlpjs/slot/-/slot-4.3.0.tgz#72b42a44cfcf16f50e18bb9ae04bbe866d6c77b0"
  integrity sha512-uicsKVXsp+8FqYN+vtPV2iQzjndvKuyu7yeFL/O209fg/Q1tgghbV+rCPc/vciwHCGXUQ36HCIhGqDDj5LFW+w==

"@nlpjs/xtables@^4.3.0":
  version "4.3.0"
  resolved "https://registry.yarnpkg.com/@nlpjs/xtables/-/xtables-4.3.0.tgz#1fc047b80d29e34126c12c194a13c46b3735730c"
  integrity sha512-b6ICyNsi2KLn/raE6kX/Of9jPojc5QHw2jNoPCU6uNhd30Sp7qjUQmyVTzB4MqBuijjf8HFlx7E1biJERbc4Sg==
  dependencies:
    xlsx "^0.15.1"

adler-32@~1.2.0:
  version "1.2.0"
  resolved "https://registry.yarnpkg.com/adler-32/-/adler-32-1.2.0.tgz#6a3e6bf0a63900ba15652808cb15c6813d1a5f25"
  integrity sha1-aj5r8KY5ALoVZSgIyxXGgT0aXyU=
  dependencies:
    exit-on-epipe "~1.0.1"
    printj "~1.1.0"

agent-base@6:
  version "6.0.0"
  resolved "https://registry.yarnpkg.com/agent-base/-/agent-base-6.0.0.tgz#5d0101f19bbfaed39980b22ae866de153b93f09a"
  integrity sha512-j1Q7cSCqN+AwrmDd+pzgqc0/NpC655x2bUf5ZjRIO77DcNBFmh+OgRNzF6OKdCC9RSCb19fGd99+bhXFdkRNqw==
  dependencies:
    debug "4"

app-root-path@^3.0.0:
  version "3.0.0"
  resolved "https://registry.yarnpkg.com/app-root-path/-/app-root-path-3.0.0.tgz#210b6f43873227e18a4b810a032283311555d5ad"
  integrity sha512-qMcx+Gy2UZynHjOHOIXPNvpf+9cjvk3cWrBBK7zg4gH9+clobJRb9NGzcT7mQTcV/6Gm/1WelUtqxVXnNlrwcw==

argparse@^1.0.7:
  version "1.0.10"
  resolved "https://registry.yarnpkg.com/argparse/-/argparse-1.0.10.tgz#bcd6791ea5ae09725e17e5ad988134cd40b3d911"
  integrity sha512-o5Roy6tNG4SL/FOkCAN6RzjiakZS25RLYFrcMttJqbdd8BWrnA+fGz57iN5Pb06pvBGvl5gQ0B48dJlslXvoTg==
  dependencies:
    sprintf-js "~1.0.2"

async@^2.0.1:
  version "2.6.3"
  resolved "https://registry.yarnpkg.com/async/-/async-2.6.3.tgz#d72625e2344a3656e3a3ad4fa749fa83299d82ff"
  integrity sha512-zflvls11DCy+dQWzTW2dzuilv8Z5X/pjfmZOWba6TNIVDm+2UDaJmXSOXlasHKfNBs8oo3M0aT50fDEWfKZjXg==
  dependencies:
    lodash "^4.17.14"

bignumber.js@^7.2.1:
  version "7.2.1"
  resolved "https://registry.yarnpkg.com/bignumber.js/-/bignumber.js-7.2.1.tgz#80c048759d826800807c4bfd521e50edbba57a5f"
  integrity sha512-S4XzBk5sMB+Rcb/LNcpzXr57VRTxgAvaAEDAl1AwRx27j00hT84O6OkteE7u8UB3NuaaygCRrEpqox4uDOrbdQ==

cfb@^1.1.4:
  version "1.1.4"
  resolved "https://registry.yarnpkg.com/cfb/-/cfb-1.1.4.tgz#81fd35ede4c919d8f0962a94582e1dfaf7051e2a"
  integrity sha512-rwFkl3aFO3f+ljR27YINwC0x8vPjyiEVbYbrTCKzspEf7Q++3THdfHVgJYNUbxNcupJECrLX+L40Mjm9hm/Bgw==
  dependencies:
    adler-32 "~1.2.0"
    commander "^2.16.0"
    crc-32 "~1.2.0"
    printj "~1.1.2"

codepage@~1.14.0:
  version "1.14.0"
  resolved "https://registry.yarnpkg.com/codepage/-/codepage-1.14.0.tgz#8cbe25481323559d7d307571b0fff91e7a1d2f99"
  integrity sha1-jL4lSBMjVZ19MHVxsP/5HnodL5k=
  dependencies:
    commander "~2.14.1"
    exit-on-epipe "~1.0.1"

commander@^2.16.0:
  version "2.20.3"
  resolved "https://registry.yarnpkg.com/commander/-/commander-2.20.3.tgz#fd485e84c03eb4881c20722ba48035e8531aeb33"
  integrity sha512-GpVkmM8vF2vQUkj2LvZmD35JxeJOLCwJ9cUkugyk2nuhbv3+mJvpLYYt+0+USMxE+oj+ey/lJEnhZw75x/OMcQ==

commander@~2.14.1:
  version "2.14.1"
  resolved "https://registry.yarnpkg.com/commander/-/commander-2.14.1.tgz#2235123e37af8ca3c65df45b026dbd357b01b9aa"
  integrity sha512-+YR16o3rK53SmWHU3rEM3tPAh2rwb1yPcQX5irVn7mb0gXbwuCCrnkbV5+PBfETdfg1vui07nM6PCG1zndcjQw==

commander@~2.17.1:
  version "2.17.1"
  resolved "https://registry.yarnpkg.com/commander/-/commander-2.17.1.tgz#bd77ab7de6de94205ceacc72f1716d29f20a77bf"
  integrity sha512-wPMUt6FnH2yzG95SA6mzjQOEKUU3aLaDEmzs1ti+1E9h+CsrZghRlqEM/EJ4KscsQVG8uNN4uVreUeT8+drlgg==

crc-32@~1.2.0:
  version "1.2.0"
  resolved "https://registry.yarnpkg.com/crc-32/-/crc-32-1.2.0.tgz#cb2db6e29b88508e32d9dd0ec1693e7b41a18208"
  integrity sha512-1uBwHxF+Y/4yF5G48fwnKq6QsIXheor3ZLPT80yGBV1oEUwpPojlEhQbWKVw1VwcTQyMGHK1/XMmTjmlsmTTGA==
  dependencies:
    exit-on-epipe "~1.0.1"
    printj "~1.1.0"

debug@4:
  version "4.1.1"
  resolved "https://registry.yarnpkg.com/debug/-/debug-4.1.1.tgz#3b72260255109c6b589cee050f1d516139664791"
  integrity sha512-pYAIzeRo8J6KPEaJ0VWOh5Pzkbw/RetuzehGM7QRRX5he4fPHx2rdKMB256ehJCkX+XRQm16eZLqLNS8RSZXZw==
  dependencies:
    ms "^2.1.1"

deep-is@~0.1.3:
  version "0.1.3"
  resolved "https://registry.yarnpkg.com/deep-is/-/deep-is-0.1.3.tgz#b369d6fb5dbc13eecf524f91b070feedc357cf34"
  integrity sha1-s2nW+128E+7PUk+RsHD+7cNXzzQ=

doublearray@0.0.2:
  version "0.0.2"
  resolved "https://registry.yarnpkg.com/doublearray/-/doublearray-0.0.2.tgz#63186fe8d34413276d3621f6aa0ec5f79e227ef9"
  integrity sha1-Yxhv6NNEEydtNiH2qg7F954ifvk=

escodegen@^1.12.0:
  version "1.14.2"
  resolved "https://registry.yarnpkg.com/escodegen/-/escodegen-1.14.2.tgz#14ab71bf5026c2aa08173afba22c6f3173284a84"
  integrity sha512-InuOIiKk8wwuOFg6x9BQXbzjrQhtyXh46K9bqVTPzSo2FnyMBaYGBMC6PhQy7yxxil9vIedFBweQBMK74/7o8A==
  dependencies:
    esprima "^4.0.1"
    estraverse "^4.2.0"
    esutils "^2.0.2"
    optionator "^0.8.1"
  optionalDependencies:
    source-map "~0.6.1"

esprima@^4.0.0, esprima@^4.0.1:
  version "4.0.1"
  resolved "https://registry.yarnpkg.com/esprima/-/esprima-4.0.1.tgz#13b04cdb3e6c5d19df91ab6987a8695619b0aa71"
  integrity sha512-eGuFFw7Upda+g4p+QHvnW0RyTX/SVeJBDM/gCtMARO0cLuT2HcEKnTPvhjV6aGeqrCB/sbNop0Kszm0jsaWU4A==

estraverse@^4.2.0:
  version "4.3.0"
  resolved "https://registry.yarnpkg.com/estraverse/-/estraverse-4.3.0.tgz#398ad3f3c5a24948be7725e83d11a7de28cdbd1d"
  integrity sha512-39nnKffWz8xN1BU/2c79n9nB9HDzo0niYUqx6xyqUnyoAnQyyWpOTdZEeiCch8BBu515t4wp9ZmgVfVhn9EBpw==

esutils@^2.0.2:
  version "2.0.3"
  resolved "https://registry.yarnpkg.com/esutils/-/esutils-2.0.3.tgz#74d2eb4de0b8da1293711910d50775b9b710ef64"
  integrity sha512-kVscqXk4OCp68SZ0dkgEKVi6/8ij300KBWTJq32P/dYeWTSwK41WyTxalN1eRmA5Z9UU/LX9D7FWSmV9SAYx6g==

exit-on-epipe@~1.0.1:
  version "1.0.1"
  resolved "https://registry.yarnpkg.com/exit-on-epipe/-/exit-on-epipe-1.0.1.tgz#0bdd92e87d5285d267daa8171d0eb06159689692"
  integrity sha512-h2z5mrROTxce56S+pnvAV890uu7ls7f1kEvVGJbw1OlFH3/mlJ5bkXu0KRyW94v37zzHPiUd55iLn3DA7TjWpw==

fast-levenshtein@~2.0.6:
  version "2.0.6"
  resolved "https://registry.yarnpkg.com/fast-levenshtein/-/fast-levenshtein-2.0.6.tgz#3d8a5c66883a16a30ca8643e851f19baa7797917"
  integrity sha1-PYpcZog6FqMMqGQ+hR8Zuqd5eRc=

frac@~1.1.2:
  version "1.1.2"
  resolved "https://registry.yarnpkg.com/frac/-/frac-1.1.2.tgz#3d74f7f6478c88a1b5020306d747dc6313c74d0b"
  integrity sha512-w/XBfkibaTl3YDqASwfDUqkna4Z2p9cFSr1aHDt0WoMTECnRfBOv2WArlZILlqgWlmdIlALXGpM2AOhEk5W3IA==

grapheme-splitter@^1.0.2:
  version "1.0.4"
  resolved "https://registry.yarnpkg.com/grapheme-splitter/-/grapheme-splitter-1.0.4.tgz#9cf3a665c6247479896834af35cf1dbb4400767e"
  integrity sha512-bzh50DW9kTPM00T8y4o8vQg89Di9oLJVLW/KaOGIXJWP/iqCN6WKYkbNOF04vFLJhwcpYUh9ydh/+5vpOqV4YQ==

https-proxy-agent@^5.0.0:
  version "5.0.0"
  resolved "https://registry.yarnpkg.com/https-proxy-agent/-/https-proxy-agent-5.0.0.tgz#e2a90542abb68a762e0a0850f6c9edadfd8506b2"
  integrity sha512-EkYm5BcKUGiduxzSt3Eppko+PiNWNEpa4ySk9vTC6wDsQJW9rHSa+UhGNJoRYp7bz6Ht1eaRIa6QaJqO5rCFbA==
  dependencies:
    agent-base "6"
    debug "4"

is-plain-object@^2.0.4:
  version "2.0.4"
  resolved "https://registry.yarnpkg.com/is-plain-object/-/is-plain-object-2.0.4.tgz#2c163b3fafb1b606d9d17928f05c2a1c38e07677"
  integrity sha512-h5PpgXkWitc38BBMYawTYMWJHFZJVnBquFE57xFpjB8pJFiF6gZ+bU+WyI/yqXiFR5mdLsgYNaPe8uao6Uv9Og==
  dependencies:
    isobject "^3.0.1"

isobject@^3.0.1:
  version "3.0.1"
  resolved "https://registry.yarnpkg.com/isobject/-/isobject-3.0.1.tgz#4e431e92b11a9731636aa1f9c8d1ccbcfdab78df"
  integrity sha1-TkMekrEalzFjaqH5yNHMvP2reN8=

js-yaml@>=3.13.1:
  version "3.14.0"
  resolved "https://registry.yarnpkg.com/js-yaml/-/js-yaml-3.14.0.tgz#a7a34170f26a21bb162424d8adacb4113a69e482"
  integrity sha512-/4IbIeHcD9VMHFqDR/gQ7EdZdLimOvW2DdcxFjdyyZ9NsbS+ccrXqVWDtab/lRl5AlUqmpBx8EhPaWR+OtY17A==
  dependencies:
    argparse "^1.0.7"
    esprima "^4.0.0"

keyword-extractor@^0.0.19:
  version "0.0.19"
  resolved "https://registry.yarnpkg.com/keyword-extractor/-/keyword-extractor-0.0.19.tgz#bbc7754943986cd8e37601671ea289749e8322d6"
  integrity sha512-DmDgxAyICtLfowsP6ElzcV8ctv/OhqrpED4EINrIE5kl46rtRDmN9Ab4NsUMoy7ULm8rxS46Fc/eHMlhD02HIg==
  dependencies:
    js-yaml ">=3.13.1"
    kind-of ">=6.0.3"
    minimist ">=0.2.1"
    set-value ">=2.0.1"
    underscore "1.10.2"
    underscore.string "3.3.5"

kind-of@>=6.0.3:
  version "6.0.3"
  resolved "https://registry.yarnpkg.com/kind-of/-/kind-of-6.0.3.tgz#07c05034a6c349fa06e24fa35aa76db4580ce4dd"
  integrity sha512-dcS1ul+9tmeD95T+x28/ehLgd9mENa3LsvDTtzm3vyBEO7RPptvAD+t44WVXaUjTBRcrpFeFlC8WCruUR456hw==

kuromoji@^0.1.2:
  version "0.1.2"
  resolved "https://registry.yarnpkg.com/kuromoji/-/kuromoji-0.1.2.tgz#293f0d6706df006112137980588d5daac26d0790"
  integrity sha512-V0dUf+C2LpcPEXhoHLMAop/bOht16Dyr+mDiIE39yX3vqau7p80De/koFqpiTcL1zzdZlc3xuHZ8u5gjYRfFaQ==
  dependencies:
    async "^2.0.1"
    doublearray "0.0.2"
    zlibjs "^0.3.1"

levn@~0.3.0:
  version "0.3.0"
  resolved "https://registry.yarnpkg.com/levn/-/levn-0.3.0.tgz#3b09924edf9f083c0490fdd4c0bc4421e04764ee"
  integrity sha1-OwmSTt+fCDwEkP3UwLxEIeBHZO4=
  dependencies:
    prelude-ls "~1.1.2"
    type-check "~0.3.2"

lodash.escaperegexp@^4.1.2:
  version "4.1.2"
  resolved "https://registry.yarnpkg.com/lodash.escaperegexp/-/lodash.escaperegexp-4.1.2.tgz#64762c48618082518ac3df4ccf5d5886dae20347"
  integrity sha1-ZHYsSGGAglGKw99Mz11YhtriA0c=

lodash.isequal@^4.5.0:
  version "4.5.0"
  resolved "https://registry.yarnpkg.com/lodash.isequal/-/lodash.isequal-4.5.0.tgz#415c4478f2bcc30120c22ce10ed3226f7d3e18e0"
  integrity sha1-QVxEePK8wwEgwizhDtMib30+GOA=

lodash.last@^3.0.0:
  version "3.0.0"
  resolved "https://registry.yarnpkg.com/lodash.last/-/lodash.last-3.0.0.tgz#242f663112dd4c6e63728c60a3c909d1bdadbd4c"
  integrity sha1-JC9mMRLdTG5jcoxgo8kJ0b2tvUw=

lodash.max@^4.0.1:
  version "4.0.1"
  resolved "https://registry.yarnpkg.com/lodash.max/-/lodash.max-4.0.1.tgz#8735566c618b35a9f760520b487ae79658af136a"
  integrity sha1-hzVWbGGLNan3YFILSHrnllivE2o=

lodash.sortby@^4.7.0:
  version "4.7.0"
  resolved "https://registry.yarnpkg.com/lodash.sortby/-/lodash.sortby-4.7.0.tgz#edd14c824e2cc9c1e0b0a1b42bb5210516a42438"
  integrity sha1-7dFMgk4sycHgsKG0K7UhBRakJDg=

lodash.tonumber@^4.0.3:
  version "4.0.3"
  resolved "https://registry.yarnpkg.com/lodash.tonumber/-/lodash.tonumber-4.0.3.tgz#0b96b31b35672793eb7f5a63ee791f1b9e9025d9"
  integrity sha1-C5azGzVnJ5Prf1pj7nkfG56QJdk=

lodash.trimend@^4.5.1:
  version "4.5.1"
  resolved "https://registry.yarnpkg.com/lodash.trimend/-/lodash.trimend-4.5.1.tgz#12804437286b98cad8996b79414e11300114082f"
  integrity sha1-EoBENyhrmMrYmWt5QU4RMAEUCC8=

lodash@^4.17.14:
  version "4.17.15"
  resolved "https://registry.yarnpkg.com/lodash/-/lodash-4.17.15.tgz#b447f6670a0455bbfeedd11392eff330ea097548"
  integrity sha512-8xOcRHvCjnocdS5cpwXQXVzmmh5e5+saE2QGoeQmbKmRS6J3VQppPOIt0MnmE+4xlZoumy0GPG0D0MVIQbNA1A==

minimist@>=0.2.1:
  version "1.2.5"
  resolved "https://registry.yarnpkg.com/minimist/-/minimist-1.2.5.tgz#67d66014b66a6a8aaa0c083c5fd58df4e4e97602"
  integrity sha512-FM9nNUYrRBAELZQT3xeZQ7fmMOBg6nWNmJKTcgsJeaLstP/UODVpGsr5OhXhhXg6f+qtJ8uiZ+PUxkDWcgIXLw==

ms@^2.1.1:
  version "2.1.2"
  resolved "https://registry.yarnpkg.com/ms/-/ms-2.1.2.tgz#d09d1f357b443f493382a8eb3ccd183872ae6009"
  integrity sha512-sGkPx+VjMtmA6MX27oA4FBFELFCZZ4S4XqeGOXCv68tT+jb3vk/RyaKWP0PTKyWtmLSM0b+adUTEvbs1PEaH2w==

node-nlp@^4.6.0:
  version "4.6.0"
  resolved "https://registry.yarnpkg.com/node-nlp/-/node-nlp-4.6.0.tgz#777a15fcb499f229394d34c9817a244feeb2d2f4"
  integrity sha512-KeotH1MRBEbjsiyEjX9jU3U9ccyV+MD6EKUXHbBUZ/KTfyf2lgkA27RdBIttRblpVkpmYy0VPP9jPK2s1ftvSg==
  dependencies:
    "@nlpjs/builtin-duckling" "^4.6.0"
    "@nlpjs/builtin-microsoft" "^4.6.0"
    "@nlpjs/core-loader" "^4.6.0"
    "@nlpjs/emoji" "^4.6.0"
    "@nlpjs/evaluator" "^4.4.0"
    "@nlpjs/lang-all" "^4.6.0"
    "@nlpjs/language" "^4.6.0"
    "@nlpjs/neural" "^4.6.0"
    "@nlpjs/nlg" "^4.6.0"
    "@nlpjs/nlp" "^4.6.0"
    "@nlpjs/nlu" "^4.6.0"
    "@nlpjs/request" "^4.6.0"
    "@nlpjs/sentiment" "^4.6.0"
    "@nlpjs/similarity" "^4.0.0-rc.4"
    "@nlpjs/xtables" "^4.3.0"

optionator@^0.8.1:
  version "0.8.3"
  resolved "https://registry.yarnpkg.com/optionator/-/optionator-0.8.3.tgz#84fa1d036fe9d3c7e21d99884b601167ec8fb495"
  integrity sha512-+IW9pACdk3XWmmTXG8m3upGUJst5XRGzxMRjXzAuJ1XnIFNvfhjjIuYkDvysnPQ7qzqVzLt78BCruntqRhWQbA==
  dependencies:
    deep-is "~0.1.3"
    fast-levenshtein "~2.0.6"
    levn "~0.3.0"
    prelude-ls "~1.1.2"
    type-check "~0.3.2"
    word-wrap "~1.2.3"

prelude-ls@~1.1.2:
  version "1.1.2"
  resolved "https://registry.yarnpkg.com/prelude-ls/-/prelude-ls-1.1.2.tgz#21932a549f5e52ffd9a827f570e04be62a97da54"
  integrity sha1-IZMqVJ9eUv/ZqCf1cOBL5iqX2lQ=

printj@~1.1.0, printj@~1.1.2:
  version "1.1.2"
  resolved "https://registry.yarnpkg.com/printj/-/printj-1.1.2.tgz#d90deb2975a8b9f600fb3a1c94e3f4c53c78a222"
  integrity sha512-zA2SmoLaxZyArQTOPj5LXecR+RagfPSU5Kw1qP+jkWeNlrq+eJZyY2oS68SU1Z/7/myXM4lo9716laOFAVStCQ==

readline-sync@^1.4.10:
  version "1.4.10"
  resolved "https://registry.yarnpkg.com/readline-sync/-/readline-sync-1.4.10.tgz#41df7fbb4b6312d673011594145705bf56d8873b"
  integrity sha512-gNva8/6UAe8QYepIQH/jQ2qn91Qj0B9sYjMBBs3QOB8F2CXcKgLxQaJRP76sWVRQt+QU+8fAkCbCvjjMFu7Ycw==

set-value@>=2.0.1:
  version "3.0.2"
  resolved "https://registry.yarnpkg.com/set-value/-/set-value-3.0.2.tgz#74e8ecd023c33d0f77199d415409a40f21e61b90"
  integrity sha512-npjkVoz+ank0zjlV9F47Fdbjfj/PfXyVhZvGALWsyIYU/qrMzpi6avjKW3/7KeSU2Df3I46BrN1xOI1+6vW0hA==
  dependencies:
    is-plain-object "^2.0.4"

source-map@~0.6.1:
  version "0.6.1"
  resolved "https://registry.yarnpkg.com/source-map/-/source-map-0.6.1.tgz#74722af32e9614e9c287a8d0bbde48b5e2f1a263"
  integrity sha512-UjgapumWlbMhkBgzT7Ykc5YXUT46F0iKu8SGXq0bcwP5dz/h0Plj6enJqjz1Zbq2l5WaqYnrVbwWOWMyF3F47g==

sprintf-js@^1.0.3:
  version "1.1.2"
  resolved "https://registry.yarnpkg.com/sprintf-js/-/sprintf-js-1.1.2.tgz#da1765262bf8c0f571749f2ad6c26300207ae673"
  integrity sha512-VE0SOVEHCk7Qc8ulkWw3ntAzXuqf7S2lvwQaDLRnUeIEaKNQJzV6BwmLKhOqT61aGhfUMrXeaBk+oDGCzvhcug==

sprintf-js@~1.0.2:
  version "1.0.3"
  resolved "https://registry.yarnpkg.com/sprintf-js/-/sprintf-js-1.0.3.tgz#04e6926f662895354f3dd015203633b857297e2c"
  integrity sha1-BOaSb2YolTVPPdAVIDYzuFcpfiw=

ssf@~0.10.3:
  version "0.10.3"
  resolved "https://registry.yarnpkg.com/ssf/-/ssf-0.10.3.tgz#8eae1fc29c90a552e7921208f81892d6f77acb2b"
  integrity sha512-pRuUdW0WwyB2doSqqjWyzwCD6PkfxpHAHdZp39K3dp/Hq7f+xfMwNAWIi16DyrRg4gg9c/RvLYkJTSawTPTm1w==
  dependencies:
    frac "~1.1.2"

type-check@~0.3.2:
  version "0.3.2"
  resolved "https://registry.yarnpkg.com/type-check/-/type-check-0.3.2.tgz#5884cab512cf1d355e3fb784f30804b2b520db72"
  integrity sha1-WITKtRLPHTVeP7eE8wgEsrUg23I=
  dependencies:
    prelude-ls "~1.1.2"

underscore.string@3.3.5:
  version "3.3.5"
  resolved "https://registry.yarnpkg.com/underscore.string/-/underscore.string-3.3.5.tgz#fc2ad255b8bd309e239cbc5816fd23a9b7ea4023"
  integrity sha512-g+dpmgn+XBneLmXXo+sGlW5xQEt4ErkS3mgeN2GFbremYeMBSJKr9Wf2KJplQVaiPY/f7FN6atosWYNm9ovrYg==
  dependencies:
    sprintf-js "^1.0.3"
    util-deprecate "^1.0.2"

underscore@1.10.2:
  version "1.10.2"
  resolved "https://registry.yarnpkg.com/underscore/-/underscore-1.10.2.tgz#73d6aa3668f3188e4adb0f1943bd12cfd7efaaaf"
  integrity sha512-N4P+Q/BuyuEKFJ43B9gYuOj4TQUHXX+j2FqguVOpjkssLUUrnJofCcBccJSCoeturDoZU6GorDTHSvUDlSQbTg==

util-deprecate@^1.0.2:
  version "1.0.2"
  resolved "https://registry.yarnpkg.com/util-deprecate/-/util-deprecate-1.0.2.tgz#450d4dc9fa70de732762fbd2d4a28981419a0ccf"
  integrity sha1-RQ1Nyfpw3nMnYvvS1KKJgUGaDM8=

wmf@~1.0.1:
  version "1.0.2"
  resolved "https://registry.yarnpkg.com/wmf/-/wmf-1.0.2.tgz#7d19d621071a08c2bdc6b7e688a9c435298cc2da"
  integrity sha512-/p9K7bEh0Dj6WbXg4JG0xvLQmIadrner1bi45VMJTfnbVHsc7yIajZyoSoK60/dtVBs12Fm6WkUI5/3WAVsNMw==

word-wrap@~1.2.3:
  version "1.2.3"
  resolved "https://registry.yarnpkg.com/word-wrap/-/word-wrap-1.2.3.tgz#610636f6b1f703891bd34771ccb17fb93b47079c"
  integrity sha512-Hz/mrNwitNRh/HUAtM/VT/5VH+ygD6DV7mYKZAtHOrbs8U7lvPS6xf7EJKMF0uW1KJCl0H701g3ZGus+muE5vQ==

xlsx@^0.15.1:
  version "0.15.6"
  resolved "https://registry.yarnpkg.com/xlsx/-/xlsx-0.15.6.tgz#461f841d6d9ea1a8375e2cd246bf23aece08a1d5"
  integrity sha512-7vD9eutyLs65iDjNFimVN+gk/oDkfkCgpQUjdE82QgzJCrBHC4bGPH7fzKVyy0UPp3gyFVQTQEFJaWaAvZCShQ==
  dependencies:
    adler-32 "~1.2.0"
    cfb "^1.1.4"
    codepage "~1.14.0"
    commander "~2.17.1"
    crc-32 "~1.2.0"
    exit-on-epipe "~1.0.1"
    ssf "~0.10.3"
    wmf "~1.0.1"

zlibjs@^0.3.1:
  version "0.3.1"
  resolved "https://registry.yarnpkg.com/zlibjs/-/zlibjs-0.3.1.tgz#50197edb28a1c42ca659cc8b4e6a9ddd6d444554"
  integrity sha1-UBl+2yihxCymWcyLTmqd3W1ERVQ=
